
Microsoft Visual Studio Solution File, Format Version 12.00
# Visual Studio Version 16
VisualStudioVersion = 16.0.31105.61
MinimumVisualStudioVersion = 10.0.40219.1
Project("{FAE04EC0-301F-11D3-BF4B-00C04F79EFBC}") = "SalesWebMvc", "SalesWebMvc\SalesWebMvc.csproj", "{BA78239E-C208-449C-A687-53DA69B26139}"
EndProject
Global
	GlobalSection(SolutionConfigurationPlatforms) = preSolution
		Debug|Any CPU = Debug|Any CPU
		Release|Any CPU = Release|Any CPU
	EndGlobalSection
	GlobalSection(ProjectConfigurationPlatforms) = postSolution
		{BA78239E-C208-449C-A687-53DA69B26139}.Debug|Any CPU.ActiveCfg = Debug|Any CPU
		{BA78239E-C208-449C-A687-53DA69B26139}.Debug|Any CPU.Build.0 = Debug|Any CPU
		{BA78239E-C208-449C-A687-53DA69B26139}.Release|Any CPU.ActiveCfg = Release|Any CPU
		{BA78239E-C208-449C-A687-53DA69B26139}.Release|Any CPU.Build.0 = Release|Any CPU
	EndGlobalSection
	GlobalSection(SolutionProperties) = preSolution
		HideSolutionNode = FALSE
	EndGlobalSection
	GlobalSection(ExtensibilityGlobals) = postSolution
		SolutionGuid = {D35D5369-8712-426C-BF25-DF4A4D918D3F}
	EndGlobalSection
EndGlobal
